
Microsoft Visual Studio Solution File, Format Version 12.00
# Visual Studio Version 16
VisualStudioVersion = 16.0.29318.209
MinimumVisualStudioVersion = 10.0.40219.1
Project("{9A19103F-16F7-4668-BE54-9A1E7A4F7556}") = "FarmMaster", "FarmMaster\FarmMaster.csproj", "{2F130D66-7661-4757-B7F3-93DEAD466269}"
EndProject
Project("{9A19103F-16F7-4668-BE54-9A1E7A4F7556}") = "DataAccess", "DataAccess\DataAccess.csproj", "{20723F4D-BBFB-46B5-BF0C-E42670E974BB}"
EndProject
Project("{9A19103F-16F7-4668-BE54-9A1E7A4F7556}") = "DataAccessGraphQL", "DataAccessGraphQL\DataAccessGraphQL.csproj", "{B481CBA9-3B1B-4BBC-A97F-E18CE02B08EC}"
EndProject
Project("{9A19103F-16F7-4668-BE54-9A1E7A4F7556}") = "DataAccessLogic", "DataAccessLogic\DataAccessLogic.csproj", "{09382821-E3F2-4C26-9830-A2E2BA846467}"
EndProject
Project("{9A19103F-16F7-4668-BE54-9A1E7A4F7556}") = "EmailSender", "EmailSender\EmailSender.csproj", "{7483C6A5-1601-4D17-9700-6C57F57987DE}"
EndProject
Project("{9A19103F-16F7-4668-BE54-9A1E7A4F7556}") = "EmailSenderTests", "EmailSenderTests\EmailSenderTests.csproj", "{5F6D6189-9942-4B64-88C4-9F3B89C87A48}"
EndProject
Project("{9A19103F-16F7-4668-BE54-9A1E7A4F7556}") = "DataAccessLogicTests", "DataAccessLogicTests\DataAccessLogicTests.csproj", "{759C335A-2274-46F6-A352-404E6A977086}"
EndProject
Global
	GlobalSection(SolutionConfigurationPlatforms) = preSolution
		Debug|Any CPU = Debug|Any CPU
		Release|Any CPU = Release|Any CPU
	EndGlobalSection
	GlobalSection(ProjectConfigurationPlatforms) = postSolution
		{2F130D66-7661-4757-B7F3-93DEAD466269}.Debug|Any CPU.ActiveCfg = Debug|Any CPU
		{2F130D66-7661-4757-B7F3-93DEAD466269}.Debug|Any CPU.Build.0 = Debug|Any CPU
		{2F130D66-7661-4757-B7F3-93DEAD466269}.Release|Any CPU.ActiveCfg = Release|Any CPU
		{2F130D66-7661-4757-B7F3-93DEAD466269}.Release|Any CPU.Build.0 = Release|Any CPU
		{20723F4D-BBFB-46B5-BF0C-E42670E974BB}.Debug|Any CPU.ActiveCfg = Debug|Any CPU
		{20723F4D-BBFB-46B5-BF0C-E42670E974BB}.Debug|Any CPU.Build.0 = Debug|Any CPU
		{20723F4D-BBFB-46B5-BF0C-E42670E974BB}.Release|Any CPU.ActiveCfg = Release|Any CPU
		{20723F4D-BBFB-46B5-BF0C-E42670E974BB}.Release|Any CPU.Build.0 = Release|Any CPU
		{B481CBA9-3B1B-4BBC-A97F-E18CE02B08EC}.Debug|Any CPU.ActiveCfg = Debug|Any CPU
		{B481CBA9-3B1B-4BBC-A97F-E18CE02B08EC}.Debug|Any CPU.Build.0 = Debug|Any CPU
		{B481CBA9-3B1B-4BBC-A97F-E18CE02B08EC}.Release|Any CPU.ActiveCfg = Release|Any CPU
		{B481CBA9-3B1B-4BBC-A97F-E18CE02B08EC}.Release|Any CPU.Build.0 = Release|Any CPU
		{09382821-E3F2-4C26-9830-A2E2BA846467}.Debug|Any CPU.ActiveCfg = Debug|Any CPU
		{09382821-E3F2-4C26-9830-A2E2BA846467}.Debug|Any CPU.Build.0 = Debug|Any CPU
		{09382821-E3F2-4C26-9830-A2E2BA846467}.Release|Any CPU.ActiveCfg = Release|Any CPU
		{09382821-E3F2-4C26-9830-A2E2BA846467}.Release|Any CPU.Build.0 = Release|Any CPU
		{7483C6A5-1601-4D17-9700-6C57F57987DE}.Debug|Any CPU.ActiveCfg = Debug|Any CPU
		{7483C6A5-1601-4D17-9700-6C57F57987DE}.Debug|Any CPU.Build.0 = Debug|Any CPU
		{7483C6A5-1601-4D17-9700-6C57F57987DE}.Release|Any CPU.ActiveCfg = Release|Any CPU
		{7483C6A5-1601-4D17-9700-6C57F57987DE}.Release|Any CPU.Build.0 = Release|Any CPU
		{5F6D6189-9942-4B64-88C4-9F3B89C87A48}.Debug|Any CPU.ActiveCfg = Debug|Any CPU
		{5F6D6189-9942-4B64-88C4-9F3B89C87A48}.Debug|Any CPU.Build.0 = Debug|Any CPU
		{5F6D6189-9942-4B64-88C4-9F3B89C87A48}.Release|Any CPU.ActiveCfg = Release|Any CPU
		{5F6D6189-9942-4B64-88C4-9F3B89C87A48}.Release|Any CPU.Build.0 = Release|Any CPU
		{759C335A-2274-46F6-A352-404E6A977086}.Debug|Any CPU.ActiveCfg = Debug|Any CPU
		{759C335A-2274-46F6-A352-404E6A977086}.Debug|Any CPU.Build.0 = Debug|Any CPU
		{759C335A-2274-46F6-A352-404E6A977086}.Release|Any CPU.ActiveCfg = Release|Any CPU
		{759C335A-2274-46F6-A352-404E6A977086}.Release|Any CPU.Build.0 = Release|Any CPU
	EndGlobalSection
	GlobalSection(SolutionProperties) = preSolution
		HideSolutionNode = FALSE
	EndGlobalSection
	GlobalSection(ExtensibilityGlobals) = postSolution
		SolutionGuid = {A8B24A22-12A2-4331-BE7D-763A026063E2}
	EndGlobalSection
EndGlobal
